{
  "name": "adrianmartnez-github-profile",
  "lockfileVersion": 3,
  "requires": true,
  "packages": {
    "": {
      "name": "adrianmartnez-github-profile",
      "devDependencies": {
        "@fontsource/cascadia-mono": "^5.3.0",
        "gifenc": "^1.0.3"
      }
    },
    "node_modules/@fontsource/cascadia-mono": {
      "version": "5.3.0",
      "resolved": "https://registry.npmjs.org/@fontsource/cascadia-mono/-/cascadia-mono-5.3.0.tgz",
      "integrity": "sha512-50GR+UT8w92Gzg5QWHQWe7arIfogm6VrpEqUx9K/YK/MgbwS2GaBx/Dfd+sE8uAQu6btnbDFq9ezrOC41fgo0g==",
      "dev": true,
      "license": "OFL-1.1",
      "funding": {
        "url": "https://github.com/sponsors/ayuhito"
      }
    },
    "node_modules/gifenc": {
      "version": "1.0.3",
      "resolved": "https://registry.npmjs.org/gifenc/-/gifenc-1.0.3.tgz",
      "integrity": "sha512-xdr6AdrfGBcfzncONUOlXMBuc5wJDtOueE3c5rdG0oNgtINLD+f2iFZltrBRZYzACRbKr+mSVU/x98zv2u3jmw==",
      "dev": true,
      "license": "MIT"
    }
  }
}
